
Microsoft Visual Studio Solution File, Format Version 12.00
# Visual Studio Version 17
VisualStudioVersion = 17.0.32126.317
MinimumVisualStudioVersion = 10.0.40219.1
Project("{FAE04EC0-301F-11D3-BF4B-00C04F79EFBC}") = "ProgramacionIntermedia", "ProgramacionIntermedia\ProgramacionIntermedia.csproj", "{CC72030F-B5E9-49DB-B681-6348F5899C01}"
EndProject
Global
	GlobalSection(SolutionConfigurationPlatforms) = preSolution
		Debug|Any CPU = Debug|Any CPU
		Release|Any CPU = Release|Any CPU
	EndGlobalSection
	GlobalSection(ProjectConfigurationPlatforms) = postSolution
		{CC72030F-B5E9-49DB-B681-6348F5899C01}.Debug|Any CPU.ActiveCfg = Debug|Any CPU
		{CC72030F-B5E9-49DB-B681-6348F5899C01}.Debug|Any CPU.Build.0 = Debug|Any CPU
		{CC72030F-B5E9-49DB-B681-6348F5899C01}.Release|Any CPU.ActiveCfg = Release|Any CPU
		{CC72030F-B5E9-49DB-B681-6348F5899C01}.Release|Any CPU.Build.0 = Release|Any CPU
	EndGlobalSection
	GlobalSection(SolutionProperties) = preSolution
		HideSolutionNode = FALSE
	EndGlobalSection
	GlobalSection(ExtensibilityGlobals) = postSolution
		SolutionGuid = {FB92E431-7D7D-47A7-99D2-6C3C8368C166}
	EndGlobalSection
EndGlobal
